
Microsoft Visual Studio Solution File, Format Version 12.00
# Visual Studio Version 16
VisualStudioVersion = 16.0.30611.23
MinimumVisualStudioVersion = 10.0.40219.1
Project("{FAE04EC0-301F-11D3-BF4B-00C04F79EFBC}") = "Logger", "Logger.csproj", "{B0F80028-7CD9-4DB9-9C36-0EEA84990725}"
EndProject
Global
	GlobalSection(SolutionConfigurationPlatforms) = preSolution
		Debug|Any CPU = Debug|Any CPU
		Release|Any CPU = Release|Any CPU
	EndGlobalSection
	GlobalSection(ProjectConfigurationPlatforms) = postSolution
		{B0F80028-7CD9-4DB9-9C36-0EEA84990725}.Debug|Any CPU.ActiveCfg = Debug|Any CPU
		{B0F80028-7CD9-4DB9-9C36-0EEA84990725}.Debug|Any CPU.Build.0 = Debug|Any CPU
		{B0F80028-7CD9-4DB9-9C36-0EEA84990725}.Release|Any CPU.ActiveCfg = Release|Any CPU
		{B0F80028-7CD9-4DB9-9C36-0EEA84990725}.Release|Any CPU.Build.0 = Release|Any CPU
	EndGlobalSection
	GlobalSection(SolutionProperties) = preSolution
		HideSolutionNode = FALSE
	EndGlobalSection
	GlobalSection(ExtensibilityGlobals) = postSolution
		SolutionGuid = {F864AFAE-496E-43F0-BBAA-FD93AA20866E}
	EndGlobalSection
EndGlobal
